# THIS IS AN AUTOGENERATED FILE. DO NOT EDIT THIS FILE DIRECTLY.
# yarn lockfile v1


ajv@^4.11.2:
  version "4.11.8"
  resolved "https://registry.yarnpkg.com/ajv/-/ajv-4.11.8.tgz#82ffb02b29e662ae53bdc20af15947706739c536"
  dependencies:
    co "^4.6.0"
    json-stable-stringify "^1.0.1"

asn1@0.2.3:
  version "0.2.3"
  resolved "https://registry.yarnpkg.com/asn1/-/asn1-0.2.3.tgz#dac8787713c9966849fc8180777ebe9c1ddf3b86"

buffer-equal@^1.0.0:
  version "1.0.0"
  resolved "https://registry.yarnpkg.com/buffer-equal/-/buffer-equal-1.0.0.tgz#59616b498304d556abd466966b22eeda3eca5fbe"

co@^4.6.0:
  version "4.6.0"
  resolved "https://registry.yarnpkg.com/co/-/co-4.6.0.tgz#6ea6bdf3d853ae54ccb8e47bfa0bf3f9031fb184"

core-util-is@~1.0.0:
  version "1.0.2"
  resolved "https://registry.yarnpkg.com/core-util-is/-/core-util-is-1.0.2.tgz#b5fd54220aa2bc5ab57aab7140c940754503c1a7"

debug@^3.0.0:
  version "3.1.0"
  resolved "https://registry.yarnpkg.com/debug/-/debug-3.1.0.tgz#5bb5a0672628b64149566ba16819e61518c67261"
  dependencies:
    ms "2.0.0"

endian-toggle@^0.0.0:
  version "0.0.0"
  resolved "https://registry.yarnpkg.com/endian-toggle/-/endian-toggle-0.0.0.tgz#e5cc7578b1032d6ee01eafcd73765db0db4dc0a6"

inherits@~2.0.3:
  version "2.0.3"
  resolved "https://registry.yarnpkg.com/inherits/-/inherits-2.0.3.tgz#633c2c83e3da42a502f52466022480f4208261de"

isarray@~1.0.0:
  version "1.0.0"
  resolved "https://registry.yarnpkg.com/isarray/-/isarray-1.0.0.tgz#bb935d48582cba168c06834957a54a3e07124f11"

json-stable-stringify@^1.0.1:
  version "1.0.1"
  resolved "https://registry.yarnpkg.com/json-stable-stringify/-/json-stable-stringify-1.0.1.tgz#9a759d39c5f2ff503fd5300646ed445f88c4f9af"
  dependencies:
    jsonify "~0.0.0"

jsonify@~0.0.0:
  version "0.0.0"
  resolved "https://registry.yarnpkg.com/jsonify/-/jsonify-0.0.0.tgz#2c74b6ee41d93ca51b7b5aaee8f503631d252a73"

lodash.get@^4.1.2, lodash.get@^4.4.2:
  version "4.4.2"
  resolved "https://registry.yarnpkg.com/lodash.get/-/lodash.get-4.4.2.tgz#2d177f652fa31e939b4438d5341499dfa3825e99"

lodash.merge@^4.3.0:
  version "4.6.1"
  resolved "https://registry.yarnpkg.com/lodash.merge/-/lodash.merge-4.6.1.tgz#adc25d9cb99b9391c59624f379fbba60d7111d54"

lodash.reduce@^4.2.0:
  version "4.6.0"
  resolved "https://registry.yarnpkg.com/lodash.reduce/-/lodash.reduce-4.6.0.tgz#f1ab6b839299ad48f784abbf476596f03b914d3b"

macaddress@^0.2.7:
  version "0.2.8"
  resolved "https://registry.yarnpkg.com/macaddress/-/macaddress-0.2.8.tgz#5904dc537c39ec6dbefeae902327135fa8511f12"

minecraft-data@^2.26.0:
  version "2.26.0"
  resolved "https://registry.yarnpkg.com/minecraft-data/-/minecraft-data-2.26.0.tgz#9d8a54dd3be9f3a328c9613cc3d89a715a64fd5d"

minecraft-protocol@^1.5.1:
  version "1.5.1"
  resolved "https://registry.yarnpkg.com/minecraft-protocol/-/minecraft-protocol-1.5.1.tgz#80f3787e5e32f7146f79650aa1ab865d3bec1c0b"
  dependencies:
    buffer-equal "^1.0.0"
    debug "^3.0.0"
    endian-toggle "^0.0.0"
    lodash.get "^4.1.2"
    lodash.merge "^4.3.0"
    minecraft-data "^2.26.0"
    node-rsa "^0.4.2"
    prismarine-nbt "^1.2.0"
    protodef "^1.6.4"
    readable-stream "^2.0.5"
    uuid-1345 "^0.99.6"
    yggdrasil "^1.1.1"

ms@2.0.0:
  version "2.0.0"
  resolved "https://registry.yarnpkg.com/ms/-/ms-2.0.0.tgz#5608aeadfc00be6c2901df5f9861788de0d597c8"

node-rsa@^0.4.2:
  version "0.4.2"
  resolved "https://registry.yarnpkg.com/node-rsa/-/node-rsa-0.4.2.tgz#d6391729ec16a830ed5a38042b3157d2d5d72530"
  dependencies:
    asn1 "0.2.3"

phin@^2.2.1:
  version "2.9.0"
  resolved "https://registry.yarnpkg.com/phin/-/phin-2.9.0.tgz#c7ec9fcacbcf43da53936915404c62fafcd3046a"

prismarine-nbt@^1.2.0:
  version "1.2.0"
  resolved "https://registry.yarnpkg.com/prismarine-nbt/-/prismarine-nbt-1.2.0.tgz#ea7b1dfa0f8552feb0d0154e5439556d89c6c564"
  dependencies:
    protodef "^1.2.1"

process-nextick-args@~2.0.0:
  version "2.0.0"
  resolved "https://registry.yarnpkg.com/process-nextick-args/-/process-nextick-args-2.0.0.tgz#a37d732f4271b4ab1ad070d35508e8290788ffaa"

protodef-validator@^1.1.2:
  version "1.2.0"
  resolved "https://registry.yarnpkg.com/protodef-validator/-/protodef-validator-1.2.0.tgz#21a6bed2070a3dd3d46e141a785c25d6cd9eb643"
  dependencies:
    ajv "^4.11.2"

protodef@^1.2.1, protodef@^1.6.4:
  version "1.6.4"
  resolved "https://registry.yarnpkg.com/protodef/-/protodef-1.6.4.tgz#70bc63eb28ba0da3279542b4250448a21ef079c2"
  dependencies:
    lodash.get "^4.4.2"
    lodash.reduce "^4.2.0"
    protodef-validator "^1.1.2"
    readable-stream "^2.0.5"

readable-stream@^2.0.5:
  version "2.3.5"
  resolved "https://registry.yarnpkg.com/readable-stream/-/readable-stream-2.3.5.tgz#b4f85003a938cbb6ecbce2a124fb1012bd1a838d"
  dependencies:
    core-util-is "~1.0.0"
    inherits "~2.0.3"
    isarray "~1.0.0"
    process-nextick-args "~2.0.0"
    safe-buffer "~5.1.1"
    string_decoder "~1.0.3"
    util-deprecate "~1.0.1"

safe-buffer@~5.1.0, safe-buffer@~5.1.1:
  version "5.1.1"
  resolved "https://registry.yarnpkg.com/safe-buffer/-/safe-buffer-5.1.1.tgz#893312af69b2123def71f57889001671eeb2c853"

string_decoder@~1.0.3:
  version "1.0.3"
  resolved "https://registry.yarnpkg.com/string_decoder/-/string_decoder-1.0.3.tgz#0fc67d7c141825de94282dd536bec6b9bce860ab"
  dependencies:
    safe-buffer "~5.1.0"

util-deprecate@~1.0.1:
  version "1.0.2"
  resolved "https://registry.yarnpkg.com/util-deprecate/-/util-deprecate-1.0.2.tgz#450d4dc9fa70de732762fbd2d4a28981419a0ccf"

uuid-1345@^0.99.6:
  version "0.99.6"
  resolved "https://registry.yarnpkg.com/uuid-1345/-/uuid-1345-0.99.6.tgz#b1270ae015a7721c7adec6c46ec169c6098aed40"
  dependencies:
    macaddress "^0.2.7"

uuid@^3.1.0:
  version "3.2.1"
  resolved "https://registry.yarnpkg.com/uuid/-/uuid-3.2.1.tgz#12c528bb9d58d0b9265d9a2f6f0fe8be17ff1f14"

yggdrasil@^1.1.1:
  version "1.1.1"
  resolved "https://registry.yarnpkg.com/yggdrasil/-/yggdrasil-1.1.1.tgz#75b3488df6b2af49009a8857f3e5dceee0c3a5e4"
  dependencies:
    phin "^2.2.1"
    uuid "^3.1.0"
